
Microsoft Visual Studio Solution File, Format Version 12.00
# Visual Studio Version 17
VisualStudioVersion = 17.6.33723.286
MinimumVisualStudioVersion = 10.0.40219.1
Project("{FAE04EC0-301F-11D3-BF4B-00C04F79EFBC}") = "task12", "task12\task12.csproj", "{01BD1B7E-51BF-4BBE-9F79-B07C995AD417}"
EndProject
Global
	GlobalSection(SolutionConfigurationPlatforms) = preSolution
		Debug|Any CPU = Debug|Any CPU
		Release|Any CPU = Release|Any CPU
	EndGlobalSection
	GlobalSection(ProjectConfigurationPlatforms) = postSolution
		{01BD1B7E-51BF-4BBE-9F79-B07C995AD417}.Debug|Any CPU.ActiveCfg = Debug|Any CPU
		{01BD1B7E-51BF-4BBE-9F79-B07C995AD417}.Debug|Any CPU.Build.0 = Debug|Any CPU
		{01BD1B7E-51BF-4BBE-9F79-B07C995AD417}.Release|Any CPU.ActiveCfg = Release|Any CPU
		{01BD1B7E-51BF-4BBE-9F79-B07C995AD417}.Release|Any CPU.Build.0 = Release|Any CPU
	EndGlobalSection
	GlobalSection(SolutionProperties) = preSolution
		HideSolutionNode = FALSE
	EndGlobalSection
	GlobalSection(ExtensibilityGlobals) = postSolution
		SolutionGuid = {4374B09B-009F-47FC-99E3-A620E5DE3EAC}
	EndGlobalSection
EndGlobal
